// !$*UTF8*$!
{
	archiveVersion = 1;
	classes = {
	};
	objectVersion = 46;
	objects = {

/* Begin PBXBuildFile section */
		077E4A7E20363C68006E491E /* v_icon1024.png in Resources */ = {isa = PBXBuildFile; fileRef = 077E4A7D20363C68006E491E /* v_icon1024.png */; };
		077E4A8020363CC1006E491E /* v_icon167.png in Resources */ = {isa = PBXBuildFile; fileRef = 077E4A7F20363CC0006E491E /* v_icon167.png */; };
		C628BA8F18AC252500CDAB78 /* VNStanzaLine.m in Sources */ = {isa = PBXBuildFile; fileRef = C628BA8E18AC252500CDAB78 /* VNStanzaLine.m */; };
		C628BA9318AC4D7900CDAB78 /* VNConstellationView.m in Sources */ = {isa = PBXBuildFile; fileRef = C628BA9218AC4D7900CDAB78 /* VNConstellationView.m */; };
		C628BA9818AC651000CDAB78 /* button_back.png in Resources */ = {isa = PBXBuildFile; fileRef = C628BA9718AC651000CDAB78 /* button_back.png */; };
		C628BA9A18AC726200CDAB78 /* button_back_bright.png in Resources */ = {isa = PBXBuildFile; fileRef = C628BA9918AC726200CDAB78 /* button_back_bright.png */; };
		C628BA9D18AC7AD300CDAB78 /* VNBlackCurtain.m in Sources */ = {isa = PBXBuildFile; fileRef = C628BA9C18AC7AD300CDAB78 /* VNBlackCurtain.m */; };
		C628BAA018AD27C200CDAB78 /* VNTextView.m in Sources */ = {isa = PBXBuildFile; fileRef = C628BA9F18AD27C200CDAB78 /* VNTextView.m */; };
		C628BAA218AD327900CDAB78 /* v-constellations.txt in Resources */ = {isa = PBXBuildFile; fileRef = C628BAA118AD327900CDAB78 /* v-constellations.txt */; };
		C628BAA918AD561D00CDAB78 /* libz.dylib in Frameworks */ = {isa = PBXBuildFile; fileRef = C628BAA818AD561D00CDAB78 /* libz.dylib */; settings = {ATTRIBUTES = (Required, ); }; };
		C6391C06188E342400CCC1AD /* VNData.m in Sources */ = {isa = PBXBuildFile; fileRef = C6391C05188E342400CCC1AD /* VNData.m */; };
		C6391C0A188E361800CCC1AD /* v-tercets.txt in Resources */ = {isa = PBXBuildFile; fileRef = C6391C09188E361800CCC1AD /* v-tercets.txt */; };
		C6391C0C188E394E00CCC1AD /* v-stars.txt in Resources */ = {isa = PBXBuildFile; fileRef = C6391C0B188E394E00CCC1AD /* v-stars.txt */; };
		C6391C0E188E43B000CCC1AD /* v-words.txt in Resources */ = {isa = PBXBuildFile; fileRef = C6391C0D188E43B000CCC1AD /* v-words.txt */; };
		C6540DDF188B62EA00F26E48 /* Foundation.framework in Frameworks */ = {isa = PBXBuildFile; fileRef = C6540DDE188B62EA00F26E48 /* Foundation.framework */; };
		C6540DE1188B62EA00F26E48 /* CoreGraphics.framework in Frameworks */ = {isa = PBXBuildFile; fileRef = C6540DE0188B62EA00F26E48 /* CoreGraphics.framework */; };
		C6540DE3188B62EA00F26E48 /* UIKit.framework in Frameworks */ = {isa = PBXBuildFile; fileRef = C6540DE2188B62EA00F26E48 /* UIKit.framework */; };
		C6540DE9188B62EA00F26E48 /* InfoPlist.strings in Resources */ = {isa = PBXBuildFile; fileRef = C6540DE7188B62EA00F26E48 /* InfoPlist.strings */; };
		C6540DEB188B62EA00F26E48 /* main.m in Sources */ = {isa = PBXBuildFile; fileRef = C6540DEA188B62EA00F26E48 /* main.m */; };
		C6540DEF188B62EA00F26E48 /* VNAppDelegate.m in Sources */ = {isa = PBXBuildFile; fileRef = C6540DEE188B62EA00F26E48 /* VNAppDelegate.m */; };
		C6540DF5188B62EA00F26E48 /* VNViewController.m in Sources */ = {isa = PBXBuildFile; fileRef = C6540DF4188B62EA00F26E48 /* VNViewController.m */; };
		C6540DF7188B62EA00F26E48 /* Images.xcassets in Resources */ = {isa = PBXBuildFile; fileRef = C6540DF6188B62EA00F26E48 /* Images.xcassets */; };
		C6540DFE188B62EA00F26E48 /* XCTest.framework in Frameworks */ = {isa = PBXBuildFile; fileRef = C6540DFD188B62EA00F26E48 /* XCTest.framework */; };
		C6540DFF188B62EA00F26E48 /* Foundation.framework in Frameworks */ = {isa = PBXBuildFile; fileRef = C6540DDE188B62EA00F26E48 /* Foundation.framework */; };
		C6540E00188B62EA00F26E48 /* UIKit.framework in Frameworks */ = {isa = PBXBuildFile; fileRef = C6540DE2188B62EA00F26E48 /* UIKit.framework */; };
		C6540E08188B62EA00F26E48 /* InfoPlist.strings in Resources */ = {isa = PBXBuildFile; fileRef = C6540E06188B62EA00F26E48 /* InfoPlist.strings */; };
		C6540E0A188B62EA00F26E48 /* VniverseTests.m in Sources */ = {isa = PBXBuildFile; fileRef = C6540E09188B62EA00F26E48 /* VniverseTests.m */; };
		C6540E18188B6B2900F26E48 /* VNStar.m in Sources */ = {isa = PBXBuildFile; fileRef = C6540E17188B6B2900F26E48 /* VNStar.m */; };
		C6540E1D188B73DE00F26E48 /* VNStarsView.m in Sources */ = {isa = PBXBuildFile; fileRef = C6540E1A188B73DE00F26E48 /* VNStarsView.m */; };
		C6A8AFEF18B6C44F001D3C01 /* v_icon76.png in Resources */ = {isa = PBXBuildFile; fileRef = C6A8AFED18B6C44F001D3C01 /* v_icon76.png */; };
		C6A8AFF018B6C44F001D3C01 /* v_icon152.png in Resources */ = {isa = PBXBuildFile; fileRef = C6A8AFEE18B6C44F001D3C01 /* v_icon152.png */; };
		C6A8AFF218B6FB87001D3C01 /* info.html in Resources */ = {isa = PBXBuildFile; fileRef = C6A8AFF118B6FB87001D3C01 /* info.html */; };
		C6A8B00618B710A0001D3C01 /* v_icon40.png in Resources */ = {isa = PBXBuildFile; fileRef = C6A8B00218B710A0001D3C01 /* v_icon40.png */; };
		C6A8B00818B710A0001D3C01 /* v_icon80.png in Resources */ = {isa = PBXBuildFile; fileRef = C6A8B00418B710A0001D3C01 /* v_icon80.png */; };
		C6A8B00B18B7E8AB001D3C01 /* v_icon29.png in Resources */ = {isa = PBXBuildFile; fileRef = C6A8B00918B7E8AB001D3C01 /* v_icon29.png */; };
		C6A8B00C18B7E8AB001D3C01 /* v_icon58.png in Resources */ = {isa = PBXBuildFile; fileRef = C6A8B00A18B7E8AB001D3C01 /* v_icon58.png */; };
		C6B680FF189066BA00774429 /* VNWord.m in Sources */ = {isa = PBXBuildFile; fileRef = C6B680FE189066BA00774429 /* VNWord.m */; };
		C6C1CA7618AB3B46008C2D4B /* VNStanzaLetter.m in Sources */ = {isa = PBXBuildFile; fileRef = C6C1CA7518AB3B46008C2D4B /* VNStanzaLetter.m */; };
		C6C1CA7918AB3B85008C2D4B /* VNTercet.m in Sources */ = {isa = PBXBuildFile; fileRef = C6C1CA7818AB3B85008C2D4B /* VNTercet.m */; };
		C6DE546B18BD4C07000A3DAB /* springgun.png in Resources */ = {isa = PBXBuildFile; fileRef = C6DE546A18BD4C07000A3DAB /* springgun.png */; };
		C6DE546F18BD4D78000A3DAB /* springgun2.png in Resources */ = {isa = PBXBuildFile; fileRef = C6DE546E18BD4D78000A3DAB /* springgun2.png */; };
		C6F40332188F23980073F62A /* lensflare180.png in Resources */ = {isa = PBXBuildFile; fileRef = C6F40331188F23980073F62A /* lensflare180.png */; };
/* End PBXBuildFile section */

/* Begin PBXContainerItemProxy section */
		C6540E01188B62EA00F26E48 /* PBXContainerItemProxy */ = {
			isa = PBXContainerItemProxy;
			containerPortal = C6540DD3188B62EA00F26E48 /* Project object */;
			proxyType = 1;
			remoteGlobalIDString = C6540DDA188B62EA00F26E48;
			remoteInfo = Vniverse;
		};
/* End PBXContainerItemProxy section */

/* Begin PBXFileReference section */
		077E4A7D20363C68006E491E /* v_icon1024.png */ = {isa = PBXFileReference; lastKnownFileType = image.png; path = v_icon1024.png; sourceTree = "<group>"; };
		077E4A7F20363CC0006E491E /* v_icon167.png */ = {isa = PBXFileReference; lastKnownFileType = image.png; path = v_icon167.png; sourceTree = "<group>"; };
		C628BA8D18AC252500CDAB78 /* VNStanzaLine.h */ = {isa = PBXFileReference; fileEncoding = 4; lastKnownFileType = sourcecode.c.h; path = VNStanzaLine.h; sourceTree = "<group>"; };
		C628BA8E18AC252500CDAB78 /* VNStanzaLine.m */ = {isa = PBXFileReference; fileEncoding = 4; lastKnownFileType = sourcecode.c.objc; path = VNStanzaLine.m; sourceTree = "<group>"; };
		C628BA9118AC4D7900CDAB78 /* VNConstellationView.h */ = {isa = PBXFileReference; fileEncoding = 4; lastKnownFileType = sourcecode.c.h; path = VNConstellationView.h; sourceTree = "<group>"; };
		C628BA9218AC4D7900CDAB78 /* VNConstellationView.m */ = {isa = PBXFileReference; fileEncoding = 4; lastKnownFileType = sourcecode.c.objc; path = VNConstellationView.m; sourceTree = "<group>"; };
		C628BA9718AC651000CDAB78 /* button_back.png */ = {isa = PBXFileReference; lastKnownFileType = image.png; path = button_back.png; sourceTree = "<group>"; };
		C628BA9918AC726200CDAB78 /* button_back_bright.png */ = {isa = PBXFileReference; lastKnownFileType = image.png; path = button_back_bright.png; sourceTree = "<group>"; };
		C628BA9B18AC7AD300CDAB78 /* VNBlackCurtain.h */ = {isa = PBXFileReference; fileEncoding = 4; lastKnownFileType = sourcecode.c.h; path = VNBlackCurtain.h; sourceTree = "<group>"; };
		C628BA9C18AC7AD300CDAB78 /* VNBlackCurtain.m */ = {isa = PBXFileReference; fileEncoding = 4; lastKnownFileType = sourcecode.c.objc; path = VNBlackCurtain.m; sourceTree = "<group>"; };
		C628BA9E18AD27C200CDAB78 /* VNTextView.h */ = {isa = PBXFileReference; fileEncoding = 4; lastKnownFileType = sourcecode.c.h; path = VNTextView.h; sourceTree = "<group>"; };
		C628BA9F18AD27C200CDAB78 /* VNTextView.m */ = {isa = PBXFileReference; fileEncoding = 4; lastKnownFileType = sourcecode.c.objc; path = VNTextView.m; sourceTree = "<group>"; };
		C628BAA118AD327900CDAB78 /* v-constellations.txt */ = {isa = PBXFileReference; fileEncoding = 4; lastKnownFileType = text; path = "v-constellations.txt"; sourceTree = "<group>"; };
		C628BAA318AD55B200CDAB78 /* libTestFlight.a */ = {isa = PBXFileReference; lastKnownFileType = archive.ar; path = libTestFlight.a; sourceTree = "<group>"; };
		C628BAA418AD55B200CDAB78 /* TestFlight.h */ = {isa = PBXFileReference; fileEncoding = 4; lastKnownFileType = sourcecode.c.h; path = TestFlight.h; sourceTree = "<group>"; };
		C628BAA518AD55B200CDAB78 /* TestFlight+AsyncLogging.h */ = {isa = PBXFileReference; fileEncoding = 4; lastKnownFileType = sourcecode.c.h; path = "TestFlight+AsyncLogging.h"; sourceTree = "<group>"; };
		C628BAA618AD55B200CDAB78 /* TestFlight+ManualSessions.h */ = {isa = PBXFileReference; fileEncoding = 4; lastKnownFileType = sourcecode.c.h; path = "TestFlight+ManualSessions.h"; sourceTree = "<group>"; };
		C628BAA818AD561D00CDAB78 /* libz.dylib */ = {isa = PBXFileReference; lastKnownFileType = "compiled.mach-o.dylib"; name = libz.dylib; path = usr/lib/libz.dylib; sourceTree = SDKROOT; };
		C6391C04188E342400CCC1AD /* VNData.h */ = {isa = PBXFileReference; fileEncoding = 4; lastKnownFileType = sourcecode.c.h; path = VNData.h; sourceTree = "<group>"; };
		C6391C05188E342400CCC1AD /* VNData.m */ = {isa = PBXFileReference; fileEncoding = 4; lastKnownFileType = sourcecode.c.objc; path = VNData.m; sourceTree = "<group>"; };
		C6391C09188E361800CCC1AD /* v-tercets.txt */ = {isa = PBXFileReference; fileEncoding = 4; lastKnownFileType = text; path = "v-tercets.txt"; sourceTree = "<group>"; };
		C6391C0B188E394E00CCC1AD /* v-stars.txt */ = {isa = PBXFileReference; fileEncoding = 4; lastKnownFileType = text; path = "v-stars.txt"; sourceTree = "<group>"; };
		C6391C0D188E43B000CCC1AD /* v-words.txt */ = {isa = PBXFileReference; fileEncoding = 4; lastKnownFileType = text; path = "v-words.txt"; sourceTree = "<group>"; };
		C6540DDB188B62EA00F26E48 /* Vniverse.app */ = {isa = PBXFileReference; explicitFileType = wrapper.application; includeInIndex = 0; path = Vniverse.app; sourceTree = BUILT_PRODUCTS_DIR; };
		C6540DDE188B62EA00F26E48 /* Foundation.framework */ = {isa = PBXFileReference; lastKnownFileType = wrapper.framework; name = Foundation.framework; path = System/Library/Frameworks/Foundation.framework; sourceTree = SDKROOT; };
		C6540DE0188B62EA00F26E48 /* CoreGraphics.framework */ = {isa = PBXFileReference; lastKnownFileType = wrapper.framework; name = CoreGraphics.framework; path = System/Library/Frameworks/CoreGraphics.framework; sourceTree = SDKROOT; };
		C6540DE2188B62EA00F26E48 /* UIKit.framework */ = {isa = PBXFileReference; lastKnownFileType = wrapper.framework; name = UIKit.framework; path = System/Library/Frameworks/UIKit.framework; sourceTree = SDKROOT; };
		C6540DE6188B62EA00F26E48 /* Vniverse-Info.plist */ = {isa = PBXFileReference; lastKnownFileType = text.plist.xml; path = "Vniverse-Info.plist"; sourceTree = "<group>"; };
		C6540DE8188B62EA00F26E48 /* en */ = {isa = PBXFileReference; lastKnownFileType = text.plist.strings; name = en; path = en.lproj/InfoPlist.strings; sourceTree = "<group>"; };
		C6540DEA188B62EA00F26E48 /* main.m */ = {isa = PBXFileReference; lastKnownFileType = sourcecode.c.objc; path = main.m; sourceTree = "<group>"; };
		C6540DEC188B62EA00F26E48 /* Vniverse-Prefix.pch */ = {isa = PBXFileReference; lastKnownFileType = sourcecode.c.h; path = "Vniverse-Prefix.pch"; sourceTree = "<group>"; };
		C6540DED188B62EA00F26E48 /* VNAppDelegate.h */ = {isa = PBXFileReference; lastKnownFileType = sourcecode.c.h; path = VNAppDelegate.h; sourceTree = "<group>"; };
		C6540DEE188B62EA00F26E48 /* VNAppDelegate.m */ = {isa = PBXFileReference; lastKnownFileType = sourcecode.c.objc; path = VNAppDelegate.m; sourceTree = "<group>"; };
		C6540DF1188B62EA00F26E48 /* Base */ = {isa = PBXFileReference; lastKnownFileType = file.storyboard; name = Base; path = Base.lproj/Main.storyboard; sourceTree = "<group>"; };
		C6540DF3188B62EA00F26E48 /* VNViewController.h */ = {isa = PBXFileReference; lastKnownFileType = sourcecode.c.h; path = VNViewController.h; sourceTree = "<group>"; };
		C6540DF4188B62EA00F26E48 /* VNViewController.m */ = {isa = PBXFileReference; lastKnownFileType = sourcecode.c.objc; path = VNViewController.m; sourceTree = "<group>"; };
		C6540DF6188B62EA00F26E48 /* Images.xcassets */ = {isa = PBXFileReference; lastKnownFileType = folder.assetcatalog; path = Images.xcassets; sourceTree = "<group>"; };
		C6540DFC188B62EA00F26E48 /* VniverseTests.xctest */ = {isa = PBXFileReference; explicitFileType = wrapper.cfbundle; includeInIndex = 0; path = VniverseTests.xctest; sourceTree = BUILT_PRODUCTS_DIR; };
		C6540DFD188B62EA00F26E48 /* XCTest.framework */ = {isa = PBXFileReference; lastKnownFileType = wrapper.framework; name = XCTest.framework; path = Library/Frameworks/XCTest.framework; sourceTree = DEVELOPER_DIR; };
		C6540E05188B62EA00F26E48 /* VniverseTests-Info.plist */ = {isa = PBXFileReference; lastKnownFileType = text.plist.xml; path = "VniverseTests-Info.plist"; sourceTree = "<group>"; };
		C6540E07188B62EA00F26E48 /* en */ = {isa = PBXFileReference; lastKnownFileType = text.plist.strings; name = en; path = en.lproj/InfoPlist.strings; sourceTree = "<group>"; };
		C6540E09188B62EA00F26E48 /* VniverseTests.m */ = {isa = PBXFileReference; lastKnownFileType = sourcecode.c.objc; path = VniverseTests.m; sourceTree = "<group>"; };
		C6540E16188B6B2900F26E48 /* VNStar.h */ = {isa = PBXFileReference; fileEncoding = 4; lastKnownFileType = sourcecode.c.h; path = VNStar.h; sourceTree = "<group>"; };
		C6540E17188B6B2900F26E48 /* VNStar.m */ = {isa = PBXFileReference; fileEncoding = 4; lastKnownFileType = sourcecode.c.objc; path = VNStar.m; sourceTree = "<group>"; };
		C6540E19188B73DE00F26E48 /* VNStarsView.h */ = {isa = PBXFileReference; fileEncoding = 4; lastKnownFileType = sourcecode.c.h; path = VNStarsView.h; sourceTree = "<group>"; };
		C6540E1A188B73DE00F26E48 /* VNStarsView.m */ = {isa = PBXFileReference; fileEncoding = 4; lastKnownFileType = sourcecode.c.objc; path = VNStarsView.m; sourceTree = "<group>"; };
		C6A8AFED18B6C44F001D3C01 /* v_icon76.png */ = {isa = PBXFileReference; lastKnownFileType = image.png; path = v_icon76.png; sourceTree = "<group>"; };
		C6A8AFEE18B6C44F001D3C01 /* v_icon152.png */ = {isa = PBXFileReference; lastKnownFileType = image.png; path = v_icon152.png; sourceTree = "<group>"; };
		C6A8AFF118B6FB87001D3C01 /* info.html */ = {isa = PBXFileReference; fileEncoding = 4; lastKnownFileType = text.html; path = info.html; sourceTree = "<group>"; };
		C6A8B00218B710A0001D3C01 /* v_icon40.png */ = {isa = PBXFileReference; lastKnownFileType = image.png; name = v_icon40.png; path = ../v_icon40.png; sourceTree = "<group>"; };
		C6A8B00418B710A0001D3C01 /* v_icon80.png */ = {isa = PBXFileReference; lastKnownFileType = image.png; name = v_icon80.png; path = ../v_icon80.png; sourceTree = "<group>"; };
		C6A8B00918B7E8AB001D3C01 /* v_icon29.png */ = {isa = PBXFileReference; lastKnownFileType = image.png; name = v_icon29.png; path = ../v_icon29.png; sourceTree = "<group>"; };
		C6A8B00A18B7E8AB001D3C01 /* v_icon58.png */ = {isa = PBXFileReference; lastKnownFileType = image.png; name = v_icon58.png; path = ../v_icon58.png; sourceTree = "<group>"; };
		C6B680FD189066BA00774429 /* VNWord.h */ = {isa = PBXFileReference; fileEncoding = 4; lastKnownFileType = sourcecode.c.h; path = VNWord.h; sourceTree = "<group>"; };
		C6B680FE189066BA00774429 /* VNWord.m */ = {isa = PBXFileReference; fileEncoding = 4; lastKnownFileType = sourcecode.c.objc; path = VNWord.m; sourceTree = "<group>"; };
		C6C1CA7418AB3B46008C2D4B /* VNStanzaLetter.h */ = {isa = PBXFileReference; fileEncoding = 4; lastKnownFileType = sourcecode.c.h; path = VNStanzaLetter.h; sourceTree = "<group>"; };
		C6C1CA7518AB3B46008C2D4B /* VNStanzaLetter.m */ = {isa = PBXFileReference; fileEncoding = 4; lastKnownFileType = sourcecode.c.objc; path = VNStanzaLetter.m; sourceTree = "<group>"; };
		C6C1CA7718AB3B85008C2D4B /* VNTercet.h */ = {isa = PBXFileReference; fileEncoding = 4; lastKnownFileType = sourcecode.c.h; path = VNTercet.h; sourceTree = "<group>"; };
		C6C1CA7818AB3B85008C2D4B /* VNTercet.m */ = {isa = PBXFileReference; fileEncoding = 4; lastKnownFileType = sourcecode.c.objc; path = VNTercet.m; sourceTree = "<group>"; };
		C6DE546A18BD4C07000A3DAB /* springgun.png */ = {isa = PBXFileReference; lastKnownFileType = image.png; path = springgun.png; sourceTree = "<group>"; };
		C6DE546E18BD4D78000A3DAB /* springgun2.png */ = {isa = PBXFileReference; lastKnownFileType = image.png; path = springgun2.png; sourceTree = "<group>"; };
		C6F40331188F23980073F62A /* lensflare180.png */ = {isa = PBXFileReference; lastKnownFileType = image.png; path = lensflare180.png; sourceTree = "<group>"; };
/* End PBXFileReference section */

/* Begin PBXFrameworksBuildPhase section */
		C6540DD8188B62EA00F26E48 /* Frameworks */ = {
			isa = PBXFrameworksBuildPhase;
			buildActionMask = 2147483647;
			files = (
				C628BAA918AD561D00CDAB78 /* libz.dylib in Frameworks */,
				C6540DE1188B62EA00F26E48 /* CoreGraphics.framework in Frameworks */,
				C6540DE3188B62EA00F26E48 /* UIKit.framework in Frameworks */,
				C6540DDF188B62EA00F26E48 /* Foundation.framework in Frameworks */,
			);
			runOnlyForDeploymentPostprocessing = 0;
		};
		C6540DF9188B62EA00F26E48 /* Frameworks */ = {
			isa = PBXFrameworksBuildPhase;
			buildActionMask = 2147483647;
			files = (
				C6540DFE188B62EA00F26E48 /* XCTest.framework in Frameworks */,
				C6540E00188B62EA00F26E48 /* UIKit.framework in Frameworks */,
				C6540DFF188B62EA00F26E48 /* Foundation.framework in Frameworks */,
			);
			runOnlyForDeploymentPostprocessing = 0;
		};
/* End PBXFrameworksBuildPhase section */

/* Begin PBXGroup section */
		C628BA9018AC489C00CDAB78 /* Stanzas */ = {
			isa = PBXGroup;
			children = (
				C6C1CA7718AB3B85008C2D4B /* VNTercet.h */,
				C6C1CA7818AB3B85008C2D4B /* VNTercet.m */,
				C628BA8D18AC252500CDAB78 /* VNStanzaLine.h */,
				C628BA8E18AC252500CDAB78 /* VNStanzaLine.m */,
				C6C1CA7418AB3B46008C2D4B /* VNStanzaLetter.h */,
				C6C1CA7518AB3B46008C2D4B /* VNStanzaLetter.m */,
			);
			name = Stanzas;
			sourceTree = "<group>";
		};
		C6391C07188E342D00CCC1AD /* Data */ = {
			isa = PBXGroup;
			children = (
				C6391C04188E342400CCC1AD /* VNData.h */,
				C6391C05188E342400CCC1AD /* VNData.m */,
			);
			name = Data;
			sourceTree = "<group>";
		};
		C6391C08188E343500CCC1AD /* Views */ = {
			isa = PBXGroup;
			children = (
				C6540E19188B73DE00F26E48 /* VNStarsView.h */,
				C6540E1A188B73DE00F26E48 /* VNStarsView.m */,
				C628BA9E18AD27C200CDAB78 /* VNTextView.h */,
				C628BA9F18AD27C200CDAB78 /* VNTextView.m */,
				C628BA9118AC4D7900CDAB78 /* VNConstellationView.h */,
				C628BA9218AC4D7900CDAB78 /* VNConstellationView.m */,
				C6540E16188B6B2900F26E48 /* VNStar.h */,
				C6540E17188B6B2900F26E48 /* VNStar.m */,
				C6B680FD189066BA00774429 /* VNWord.h */,
				C6B680FE189066BA00774429 /* VNWord.m */,
				C628BA9B18AC7AD300CDAB78 /* VNBlackCurtain.h */,
				C628BA9C18AC7AD300CDAB78 /* VNBlackCurtain.m */,
			);
			name = Views;
			sourceTree = "<group>";
		};
		C6540DD2188B62EA00F26E48 = {
			isa = PBXGroup;
			children = (
				C6540DE4188B62EA00F26E48 /* Vniverse */,
				C6540E03188B62EA00F26E48 /* VniverseTests */,
				C6540DDD188B62EA00F26E48 /* Frameworks */,
				C6540DDC188B62EA00F26E48 /* Products */,
			);
			sourceTree = "<group>";
		};
		C6540DDC188B62EA00F26E48 /* Products */ = {
			isa = PBXGroup;
			children = (
				C6540DDB188B62EA00F26E48 /* Vniverse.app */,
				C6540DFC188B62EA00F26E48 /* VniverseTests.xctest */,
			);
			name = Products;
			sourceTree = "<group>";
		};
		C6540DDD188B62EA00F26E48 /* Frameworks */ = {
			isa = PBXGroup;
			children = (
				C628BAA818AD561D00CDAB78 /* libz.dylib */,
				C6540DDE188B62EA00F26E48 /* Foundation.framework */,
				C6540DE0188B62EA00F26E48 /* CoreGraphics.framework */,
				C6540DE2188B62EA00F26E48 /* UIKit.framework */,
				C6540DFD188B62EA00F26E48 /* XCTest.framework */,
			);
			name = Frameworks;
			sourceTree = "<group>";
		};
		C6540DE4188B62EA00F26E48 /* Vniverse */ = {
			isa = PBXGroup;
			children = (
				C6540DF3188B62EA00F26E48 /* VNViewController.h */,
				C6540DF4188B62EA00F26E48 /* VNViewController.m */,
				C6391C08188E343500CCC1AD /* Views */,
				C628BA9018AC489C00CDAB78 /* Stanzas */,
				C6391C07188E342D00CCC1AD /* Data */,
				C6540DED188B62EA00F26E48 /* VNAppDelegate.h */,
				C6540DEE188B62EA00F26E48 /* VNAppDelegate.m */,
				C6540DF0188B62EA00F26E48 /* Main.storyboard */,
				C6540DF6188B62EA00F26E48 /* Images.xcassets */,
				C6540DE5188B62EA00F26E48 /* Supporting Files */,
			);
			path = Vniverse;
			sourceTree = "<group>";
		};
		C6540DE5188B62EA00F26E48 /* Supporting Files */ = {
			isa = PBXGroup;
			children = (
				C6DE546A18BD4C07000A3DAB /* springgun.png */,
				C6DE546E18BD4D78000A3DAB /* springgun2.png */,
				C6A8B00918B7E8AB001D3C01 /* v_icon29.png */,
				C6A8B00A18B7E8AB001D3C01 /* v_icon58.png */,
				C6A8B00218B710A0001D3C01 /* v_icon40.png */,
				C6A8B00418B710A0001D3C01 /* v_icon80.png */,
				C6A8AFED18B6C44F001D3C01 /* v_icon76.png */,
				C6A8AFEE18B6C44F001D3C01 /* v_icon152.png */,
				077E4A7F20363CC0006E491E /* v_icon167.png */,
				077E4A7D20363C68006E491E /* v_icon1024.png */,
				C628BAA318AD55B200CDAB78 /* libTestFlight.a */,
				C628BAA418AD55B200CDAB78 /* TestFlight.h */,
				C628BAA518AD55B200CDAB78 /* TestFlight+AsyncLogging.h */,
				C628BAA618AD55B200CDAB78 /* TestFlight+ManualSessions.h */,
				C628BA9918AC726200CDAB78 /* button_back_bright.png */,
				C628BA9718AC651000CDAB78 /* button_back.png */,
				C6391C0B188E394E00CCC1AD /* v-stars.txt */,
				C628BAA118AD327900CDAB78 /* v-constellations.txt */,
				C6391C0D188E43B000CCC1AD /* v-words.txt */,
				C6391C09188E361800CCC1AD /* v-tercets.txt */,
				C6F40331188F23980073F62A /* lensflare180.png */,
				C6540DE6188B62EA00F26E48 /* Vniverse-Info.plist */,
				C6540DE7188B62EA00F26E48 /* InfoPlist.strings */,
				C6540DEA188B62EA00F26E48 /* main.m */,
				C6540DEC188B62EA00F26E48 /* Vniverse-Prefix.pch */,
				C6A8AFF118B6FB87001D3C01 /* info.html */,
			);
			name = "Supporting Files";
			sourceTree = "<group>";
		};
		C6540E03188B62EA00F26E48 /* VniverseTests */ = {
			isa = PBXGroup;
			children = (
				C6540E09188B62EA00F26E48 /* VniverseTests.m */,
				C6540E04188B62EA00F26E48 /* Supporting Files */,
			);
			path = VniverseTests;
			sourceTree = "<group>";
		};
		C6540E04188B62EA00F26E48 /* Supporting Files */ = {
			isa = PBXGroup;
			children = (
				C6540E05188B62EA00F26E48 /* VniverseTests-Info.plist */,
				C6540E06188B62EA00F26E48 /* InfoPlist.strings */,
			);
			name = "Supporting Files";
			sourceTree = "<group>";
		};
/* End PBXGroup section */

/* Begin PBXNativeTarget section */
		C6540DDA188B62EA00F26E48 /* Vniverse */ = {
			isa = PBXNativeTarget;
			buildConfigurationList = C6540E0D188B62EA00F26E48 /* Build configuration list for PBXNativeTarget "Vniverse" */;
			buildPhases = (
				C6540DD7188B62EA00F26E48 /* Sources */,
				C6540DD8188B62EA00F26E48 /* Frameworks */,
				C6540DD9188B62EA00F26E48 /* Resources */,
			);
			buildRules = (
			);
			dependencies = (
			);
			name = Vniverse;
			productName = Vniverse;
			productReference = C6540DDB188B62EA00F26E48 /* Vniverse.app */;
			productType = "com.apple.product-type.application";
		};
		C6540DFB188B62EA00F26E48 /* VniverseTests */ = {
			isa = PBXNativeTarget;
			buildConfigurationList = C6540E10188B62EA00F26E48 /* Build configuration list for PBXNativeTarget "VniverseTests" */;
			buildPhases = (
				C6540DF8188B62EA00F26E48 /* Sources */,
				C6540DF9188B62EA00F26E48 /* Frameworks */,
				C6540DFA188B62EA00F26E48 /* Resources */,
			);
			buildRules = (
			);
			dependencies = (
				C6540E02188B62EA00F26E48 /* PBXTargetDependency */,
			);
			name = VniverseTests;
			productName = VniverseTests;
			productReference = C6540DFC188B62EA00F26E48 /* VniverseTests.xctest */;
			productType = "com.apple.product-type.bundle.unit-test";
		};
/* End PBXNativeTarget section */

/* Begin PBXProject section */
		C6540DD3188B62EA00F26E48 /* Project object */ = {
			isa = PBXProject;
			attributes = {
				CLASSPREFIX = VN;
				LastUpgradeCheck = 0920;
				ORGANIZATIONNAME = "Ian Hatcher";
				TargetAttributes = {
					C6540DDA188B62EA00F26E48 = {
						DevelopmentTeam = U595KEB552;
					};
					C6540DFB188B62EA00F26E48 = {
						TestTargetID = C6540DDA188B62EA00F26E48;
					};
				};
			};
			buildConfigurationList = C6540DD6188B62EA00F26E48 /* Build configuration list for PBXProject "Vniverse" */;
			compatibilityVersion = "Xcode 3.2";
			developmentRegion = English;
			hasScannedForEncodings = 0;
			knownRegions = (
				en,
				Base,
			);
			mainGroup = C6540DD2188B62EA00F26E48;
			productRefGroup = C6540DDC188B62EA00F26E48 /* Products */;
			projectDirPath = "";
			projectRoot = "";
			targets = (
				C6540DDA188B62EA00F26E48 /* Vniverse */,
				C6540DFB188B62EA00F26E48 /* VniverseTests */,
			);
		};
/* End PBXProject section */

/* Begin PBXResourcesBuildPhase section */
		C6540DD9188B62EA00F26E48 /* Resources */ = {
			isa = PBXResourcesBuildPhase;
			buildActionMask = 2147483647;
			files = (
				C6A8AFEF18B6C44F001D3C01 /* v_icon76.png in Resources */,
				C6391C0A188E361800CCC1AD /* v-tercets.txt in Resources */,
				C6A8AFF018B6C44F001D3C01 /* v_icon152.png in Resources */,
				C6391C0C188E394E00CCC1AD /* v-stars.txt in Resources */,
				077E4A7E20363C68006E491E /* v_icon1024.png in Resources */,
				C6DE546F18BD4D78000A3DAB /* springgun2.png in Resources */,
				C6540DF7188B62EA00F26E48 /* Images.xcassets in Resources */,
				C6DE546B18BD4C07000A3DAB /* springgun.png in Resources */,
				077E4A8020363CC1006E491E /* v_icon167.png in Resources */,
				C6A8B00C18B7E8AB001D3C01 /* v_icon58.png in Resources */,
				C6A8B00818B710A0001D3C01 /* v_icon80.png in Resources */,
				C6A8B00618B710A0001D3C01 /* v_icon40.png in Resources */,
				C6A8AFF218B6FB87001D3C01 /* info.html in Resources */,
				C6A8B00B18B7E8AB001D3C01 /* v_icon29.png in Resources */,
				C628BAA218AD327900CDAB78 /* v-constellations.txt in Resources */,
				C628BA9A18AC726200CDAB78 /* button_back_bright.png in Resources */,
				C6540DE9188B62EA00F26E48 /* InfoPlist.strings in Resources */,
				C6391C0E188E43B000CCC1AD /* v-words.txt in Resources */,
				C628BA9818AC651000CDAB78 /* button_back.png in Resources */,
				C6F40332188F23980073F62A /* lensflare180.png in Resources */,
			);
			runOnlyForDeploymentPostprocessing = 0;
		};
		C6540DFA188B62EA00F26E48 /* Resources */ = {
			isa = PBXResourcesBuildPhase;
			buildActionMask = 2147483647;
			files = (
				C6540E08188B62EA00F26E48 /* InfoPlist.strings in Resources */,
			);
			runOnlyForDeploymentPostprocessing = 0;
		};
/* End PBXResourcesBuildPhase section */

/* Begin PBXSourcesBuildPhase section */
		C6540DD7188B62EA00F26E48 /* Sources */ = {
			isa = PBXSourcesBuildPhase;
			buildActionMask = 2147483647;
			files = (
				C628BA9D18AC7AD300CDAB78 /* VNBlackCurtain.m in Sources */,
				C6C1CA7618AB3B46008C2D4B /* VNStanzaLetter.m in Sources */,
				C6540E1D188B73DE00F26E48 /* VNStarsView.m in Sources */,
				C628BA9318AC4D7900CDAB78 /* VNConstellationView.m in Sources */,
				C6B680FF189066BA00774429 /* VNWord.m in Sources */,
				C6540DEF188B62EA00F26E48 /* VNAppDelegate.m in Sources */,
				C6C1CA7918AB3B85008C2D4B /* VNTercet.m in Sources */,
				C6540E18188B6B2900F26E48 /* VNStar.m in Sources */,
				C6540DF5188B62EA00F26E48 /* VNViewController.m in Sources */,
				C628BAA018AD27C200CDAB78 /* VNTextView.m in Sources */,
				C6540DEB188B62EA00F26E48 /* main.m in Sources */,
				C628BA8F18AC252500CDAB78 /* VNStanzaLine.m in Sources */,
				C6391C06188E342400CCC1AD /* VNData.m in Sources */,
			);
			runOnlyForDeploymentPostprocessing = 0;
		};
		C6540DF8188B62EA00F26E48 /* Sources */ = {
			isa = PBXSourcesBuildPhase;
			buildActionMask = 2147483647;
			files = (
				C6540E0A188B62EA00F26E48 /* VniverseTests.m in Sources */,
			);
			runOnlyForDeploymentPostprocessing = 0;
		};
/* End PBXSourcesBuildPhase section */

/* Begin PBXTargetDependency section */
		C6540E02188B62EA00F26E48 /* PBXTargetDependency */ = {
			isa = PBXTargetDependency;
			target = C6540DDA188B62EA00F26E48 /* Vniverse */;
			targetProxy = C6540E01188B62EA00F26E48 /* PBXContainerItemProxy */;
		};
/* End PBXTargetDependency section */

/* Begin PBXVariantGroup section */
		C6540DE7188B62EA00F26E48 /* InfoPlist.strings */ = {
			isa = PBXVariantGroup;
			children = (
				C6540DE8188B62EA00F26E48 /* en */,
			);
			name = InfoPlist.strings;
			sourceTree = "<group>";
		};
		C6540DF0188B62EA00F26E48 /* Main.storyboard */ = {
			isa = PBXVariantGroup;
			children = (
				C6540DF1188B62EA00F26E48 /* Base */,
			);
			name = Main.storyboard;
			sourceTree = "<group>";
		};
		C6540E06188B62EA00F26E48 /* InfoPlist.strings */ = {
			isa = PBXVariantGroup;
			children = (
				C6540E07188B62EA00F26E48 /* en */,
			);
			name = InfoPlist.strings;
			sourceTree = "<group>";
		};
/* End PBXVariantGroup section */

/* Begin XCBuildConfiguration section */
		C6540E0B188B62EA00F26E48 /* Debug */ = {
			isa = XCBuildConfiguration;
			buildSettings = {
				ALWAYS_SEARCH_USER_PATHS = NO;
				CLANG_CXX_LANGUAGE_STANDARD = "gnu++0x";
				CLANG_CXX_LIBRARY = "libc++";
				CLANG_ENABLE_MODULES = YES;
				CLANG_ENABLE_OBJC_ARC = YES;
				CLANG_WARN_BLOCK_CAPTURE_AUTORELEASING = YES;
				CLANG_WARN_BOOL_CONVERSION = YES;
				CLANG_WARN_COMMA = YES;
				CLANG_WARN_CONSTANT_CONVERSION = YES;
				CLANG_WARN_DIRECT_OBJC_ISA_USAGE = YES_ERROR;
				CLANG_WARN_EMPTY_BODY = YES;
				CLANG_WARN_ENUM_CONVERSION = YES;
				CLANG_WARN_INFINITE_RECURSION = YES;
				CLANG_WARN_INT_CONVERSION = YES;
				CLANG_WARN_NON_LITERAL_NULL_CONVERSION = YES;
				CLANG_WARN_OBJC_LITERAL_CONVERSION = YES;
				CLANG_WARN_OBJC_ROOT_CLASS = YES_ERROR;
				CLANG_WARN_RANGE_LOOP_ANALYSIS = YES;
				CLANG_WARN_STRICT_PROTOTYPES = YES;
				CLANG_WARN_SUSPICIOUS_MOVE = YES;
				CLANG_WARN_UNREACHABLE_CODE = YES;
				CLANG_WARN__DUPLICATE_METHOD_MATCH = YES;
				CODE_SIGN_IDENTITY = "iPhone Developer: Ian Hatcher (6NSQ5G4H8K)";
				"CODE_SIGN_IDENTITY[sdk=iphoneos*]" = "iPhone Developer";
				COPY_PHASE_STRIP = NO;
				ENABLE_STRICT_OBJC_MSGSEND = YES;
				ENABLE_TESTABILITY = YES;
				GCC_C_LANGUAGE_STANDARD = gnu99;
				GCC_DYNAMIC_NO_PIC = NO;
				GCC_NO_COMMON_BLOCKS = YES;
				GCC_OPTIMIZATION_LEVEL = 0;
				GCC_PREPROCESSOR_DEFINITIONS = (
					"DEBUG=1",
					"$(inherited)",
				);
				GCC_SYMBOLS_PRIVATE_EXTERN = NO;
				GCC_WARN_64_TO_32_BIT_CONVERSION = YES;
				GCC_WARN_ABOUT_RETURN_TYPE = YES_ERROR;
				GCC_WARN_UNDECLARED_SELECTOR = YES;
				GCC_WARN_UNINITIALIZED_AUTOS = YES;
				GCC_WARN_UNUSED_FUNCTION = YES;
				GCC_WARN_UNUSED_VARIABLE = YES;
				IPHONEOS_DEPLOYMENT_TARGET = 8.0;
				ONLY_ACTIVE_ARCH = YES;
				PROVISIONING_PROFILE = "";
				SDKROOT = iphoneos;
				TARGETED_DEVICE_FAMILY = 2;
			};
			name = Debug;
		};
		C6540E0C188B62EA00F26E48 /* Release */ = {
			isa = XCBuildConfiguration;
			buildSettings = {
				ALWAYS_SEARCH_USER_PATHS = NO;
				CLANG_CXX_LANGUAGE_STANDARD = "gnu++0x";
				CLANG_CXX_LIBRARY = "libc++";
				CLANG_ENABLE_MODULES = YES;
				CLANG_ENABLE_OBJC_ARC = YES;
				CLANG_WARN_BLOCK_CAPTURE_AUTORELEASING = YES;
				CLANG_WARN_BOOL_CONVERSION = YES;
				CLANG_WARN_COMMA = YES;
				CLANG_WARN_CONSTANT_CONVERSION = YES;
				CLANG_WARN_DIRECT_OBJC_ISA_USAGE = YES_ERROR;
				CLANG_WARN_EMPTY_BODY = YES;
				CLANG_WARN_ENUM_CONVERSION = YES;
				CLANG_WARN_INFINITE_RECURSION = YES;
				CLANG_WARN_INT_CONVERSION = YES;
				CLANG_WARN_NON_LITERAL_NULL_CONVERSION = YES;
				CLANG_WARN_OBJC_LITERAL_CONVERSION = YES;
				CLANG_WARN_OBJC_ROOT_CLASS = YES_ERROR;
				CLANG_WARN_RANGE_LOOP_ANALYSIS = YES;
				CLANG_WARN_STRICT_PROTOTYPES = YES;
				CLANG_WARN_SUSPICIOUS_MOVE = YES;
				CLANG_WARN_UNREACHABLE_CODE = YES;
				CLANG_WARN__DUPLICATE_METHOD_MATCH = YES;
				CODE_SIGN_IDENTITY = "iPhone Developer: Ian Hatcher (6NSQ5G4H8K)";
				"CODE_SIGN_IDENTITY[sdk=iphoneos*]" = "iPhone Developer";
				COPY_PHASE_STRIP = NO;
				ENABLE_NS_ASSERTIONS = NO;
				ENABLE_STRICT_OBJC_MSGSEND = YES;
				GCC_C_LANGUAGE_STANDARD = gnu99;
				GCC_NO_COMMON_BLOCKS = YES;
				GCC_WARN_64_TO_32_BIT_CONVERSION = YES;
				GCC_WARN_ABOUT_RETURN_TYPE = YES_ERROR;
				GCC_WARN_UNDECLARED_SELECTOR = YES;
				GCC_WARN_UNINITIALIZED_AUTOS = YES;
				GCC_WARN_UNUSED_FUNCTION = YES;
				GCC_WARN_UNUSED_VARIABLE = YES;
				IPHONEOS_DEPLOYMENT_TARGET = 8.0;
				ONLY_ACTIVE_ARCH = YES;
				PROVISIONING_PROFILE = "";
				SDKROOT = iphoneos;
				TARGETED_DEVICE_FAMILY = 2;
				VALIDATE_PRODUCT = YES;
			};
			name = Release;
		};
		C6540E0E188B62EA00F26E48 /* Debug */ = {
			isa = XCBuildConfiguration;
			buildSettings = {
				ASSETCATALOG_COMPILER_APPICON_NAME = "AppIcon-2";
				ASSETCATALOG_COMPILER_LAUNCHIMAGE_NAME = LaunchImage;
				CODE_SIGN_IDENTITY = "iPhone Developer";
				"CODE_SIGN_IDENTITY[sdk=iphoneos*]" = "iPhone Developer";
				GCC_PRECOMPILE_PREFIX_HEADER = YES;
				GCC_PREFIX_HEADER = "Vniverse/Vniverse-Prefix.pch";
				INFOPLIST_FILE = "Vniverse/Vniverse-Info.plist";
				LIBRARY_SEARCH_PATHS = "$(inherited)";
				PRODUCT_BUNDLE_IDENTIFIER = com.ihatch.vniverse;
				PRODUCT_NAME = "$(TARGET_NAME)";
				PROVISIONING_PROFILE = "";
				TARGETED_DEVICE_FAMILY = 2;
				WRAPPER_EXTENSION = app;
			};
			name = Debug;
		};
		C6540E0F188B62EA00F26E48 /* Release */ = {
			isa = XCBuildConfiguration;
			buildSettings = {
				ASSETCATALOG_COMPILER_APPICON_NAME = "AppIcon-2";
				ASSETCATALOG_COMPILER_LAUNCHIMAGE_NAME = LaunchImage;
				CODE_SIGN_IDENTITY = "iPhone Developer";
				"CODE_SIGN_IDENTITY[sdk=iphoneos*]" = "iPhone Developer";
				GCC_PRECOMPILE_PREFIX_HEADER = YES;
				GCC_PREFIX_HEADER = "Vniverse/Vniverse-Prefix.pch";
				INFOPLIST_FILE = "Vniverse/Vniverse-Info.plist";
				LIBRARY_SEARCH_PATHS = "$(inherited)";
				PRODUCT_BUNDLE_IDENTIFIER = com.ihatch.vniverse;
				PRODUCT_NAME = "$(TARGET_NAME)";
				PROVISIONING_PROFILE = "";
				TARGETED_DEVICE_FAMILY = 2;
				WRAPPER_EXTENSION = app;
			};
			name = Release;
		};
		C6540E11188B62EA00F26E48 /* Debug */ = {
			isa = XCBuildConfiguration;
			buildSettings = {
				BUNDLE_LOADER = "$(BUILT_PRODUCTS_DIR)/Vniverse.app/Vniverse";
				FRAMEWORK_SEARCH_PATHS = (
					"$(SDKROOT)/Developer/Library/Frameworks",
					"$(inherited)",
					"$(DEVELOPER_FRAMEWORKS_DIR)",
				);
				GCC_PRECOMPILE_PREFIX_HEADER = YES;
				GCC_PREFIX_HEADER = "Vniverse/Vniverse-Prefix.pch";
				GCC_PREPROCESSOR_DEFINITIONS = (
					"DEBUG=1",
					"$(inherited)",
				);
				INFOPLIST_FILE = "VniverseTests/VniverseTests-Info.plist";
				PRODUCT_BUNDLE_IDENTIFIER = "com.abra.${PRODUCT_NAME:rfc1034identifier}";
				PRODUCT_NAME = "$(TARGET_NAME)";
				TEST_HOST = "$(BUNDLE_LOADER)";
				WRAPPER_EXTENSION = xctest;
			};
			name = Debug;
		};
		C6540E12188B62EA00F26E48 /* Release */ = {
			isa = XCBuildConfiguration;
			buildSettings = {
				BUNDLE_LOADER = "$(BUILT_PRODUCTS_DIR)/Vniverse.app/Vniverse";
				FRAMEWORK_SEARCH_PATHS = (
					"$(SDKROOT)/Developer/Library/Frameworks",
					"$(inherited)",
					"$(DEVELOPER_FRAMEWORKS_DIR)",
				);
				GCC_PRECOMPILE_PREFIX_HEADER = YES;
				GCC_PREFIX_HEADER = "Vniverse/Vniverse-Prefix.pch";
				INFOPLIST_FILE = "VniverseTests/VniverseTests-Info.plist";
				PRODUCT_BUNDLE_IDENTIFIER = "com.abra.${PRODUCT_NAME:rfc1034identifier}";
				PRODUCT_NAME = "$(TARGET_NAME)";
				TEST_HOST = "$(BUNDLE_LOADER)";
				WRAPPER_EXTENSION = xctest;
			};
			name = Release;
		};
/* End XCBuildConfiguration section */

/* Begin XCConfigurationList section */
		C6540DD6188B62EA00F26E48 /* Build configuration list for PBXProject "Vniverse" */ = {
			isa = XCConfigurationList;
			buildConfigurations = (
				C6540E0B188B62EA00F26E48 /* Debug */,
				C6540E0C188B62EA00F26E48 /* Release */,
			);
			defaultConfigurationIsVisible = 0;
			defaultConfigurationName = Release;
		};
		C6540E0D188B62EA00F26E48 /* Build configuration list for PBXNativeTarget "Vniverse" */ = {
			isa = XCConfigurationList;
			buildConfigurations = (
				C6540E0E188B62EA00F26E48 /* Debug */,
				C6540E0F188B62EA00F26E48 /* Release */,
			);
			defaultConfigurationIsVisible = 0;
			defaultConfigurationName = Release;
		};
		C6540E10188B62EA00F26E48 /* Build configuration list for PBXNativeTarget "VniverseTests" */ = {
			isa = XCConfigurationList;
			buildConfigurations = (
				C6540E11188B62EA00F26E48 /* Debug */,
				C6540E12188B62EA00F26E48 /* Release */,
			);
			defaultConfigurationIsVisible = 0;
			defaultConfigurationName = Release;
		};
/* End XCConfigurationList section */
	};
	rootObject = C6540DD3188B62EA00F26E48 /* Project object */;
}
